GEM
  remote: https://rubygems.org/
  specs:
    date (3.5.0)
    language_server-protocol (3.17.0.5)
    logger (1.7.0)
    prism (1.6.0)
    psych (5.2.6)
      date
      stringio
    rbs (3.9.5)
      logger
    ruby-lsp (0.26.4)
      language_server-protocol (~> 3.17.0)
      prism (>= 1.2, < 2.0)
      rbs (>= 3, < 5)
    stringio (3.1.8)

PLATFORMS
  x86_64-linux-gnu

DEPENDENCIES
  logger
  psych (~> 5.0)
  rbs
  ruby-lsp

BUNDLED WITH
   2.4.20
